<?xml version="1.0" encoding="utf-8"?>
<Project ToolsVersion="4.0" xmlns="http://schemas.microsoft.com/developer/msbuild/2003">
  <ItemGroup>
    <Filter Include="소스 파일">
      <UniqueIdentifier>{4FC737F1-C7A5-4376-A066-2A32D752A2FF}</UniqueIdentifier>
      <Extensions>cpp;c;cc;cxx;c++;cppm;ixx;def;odl;idl;hpj;bat;asm;asmx</Extensions>
    </Filter>
    <Filter Include="헤더 파일">
      <UniqueIdentifier>{93995380-89BD-4b04-88EB-625FBE52EBFB}</UniqueIdentifier>
      <Extensions>h;hh;hpp;hxx;h++;hm;inl;inc;ipp;xsd</Extensions>
    </Filter>
    <Filter Include="리소스 파일">
      <UniqueIdentifier>{67DA6AB6-F800-4c08-8B7A-83BB121AAD01}</UniqueIdentifier>
      <Extensions>rc;ico;cur;bmp;dlg;rc2;rct;bin;rgs;gif;jpg;jpeg;jpe;resx;tiff;tif;png;wav;mfcribbon-ms</Extensions>
    </Filter>
    <Filter Include="FMOD32">
      <UniqueIdentifier>{6cfe3f4a-98cc-4ba8-8c19-83a4166de932}</UniqueIdentifier>
    </Filter>
    <Filter Include="FMOD64">
      <UniqueIdentifier>{ec7d4ea9-8db5-41b2-9a26-5bd9a46dd3f8}</UniqueIdentifier>
    </Filter>
  </ItemGroup>
  <ItemGroup>
    <ClCompile Include="main.cpp">
      <Filter>소스 파일</Filter>
    </ClCompile>
    <ClCompile Include="DELEGATE.cpp">
      <Filter>소스 파일</Filter>
    </ClCompile>
    <ClCompile Include="singleton_interface.cpp">
      <Filter>소스 파일</Filter>
    </ClCompile>
    <ClCompile Include="Time.cpp">
      <Filter>소스 파일</Filter>
    </ClCompile>
    <ClCompile Include="sound_mgr.cpp">
      <Filter>소스 파일</Filter>
    </ClCompile>
    <ClCompile Include="math.cpp">
      <Filter>소스 파일</Filter>
    </ClCompile>
    <ClCompile Include="Scene_mgr.cpp">
      <Filter>소스 파일</Filter>
    </ClCompile>
    <ClCompile Include="Scene.cpp">
      <Filter>소스 파일</Filter>
    </ClCompile>
    <ClCompile Include="InputManager.cpp">
      <Filter>소스 파일</Filter>
    </ClCompile>
  </ItemGroup>
  <ItemGroup>
    <ClInclude Include="DELEGATE.h">
      <Filter>헤더 파일</Filter>
    </ClInclude>
    <ClInclude Include="FMOD64\fmod.h">
      <Filter>헤더 파일</Filter>
    </ClInclude>
    <ClInclude Include="FMOD64\fmod.hpp">
      <Filter>헤더 파일</Filter>
    </ClInclude>
    <ClInclude Include="FMOD64\fmod_codec.h">
      <Filter>헤더 파일</Filter>
    </ClInclude>
    <ClInclude Include="FMOD64\fmod_common.h">
      <Filter>헤더 파일</Filter>
    </ClInclude>
    <ClInclude Include="FMOD64\fmod_dsp.h">
      <Filter>헤더 파일</Filter>
    </ClInclude>
    <ClInclude Include="FMOD64\fmod_dsp_effects.h">
      <Filter>헤더 파일</Filter>
    </ClInclude>
    <ClInclude Include="FMOD64\fmod_errors.h">
      <Filter>헤더 파일</Filter>
    </ClInclude>
    <ClInclude Include="FMOD64\fmod_output.h">
      <Filter>헤더 파일</Filter>
    </ClInclude>
    <ClInclude Include="singleton_interface.h">
      <Filter>헤더 파일</Filter>
    </ClInclude>
    <ClInclude Include="Time.h">
      <Filter>헤더 파일</Filter>
    </ClInclude>
    <ClInclude Include="sound_mgr.h">
      <Filter>헤더 파일</Filter>
    </ClInclude>
    <ClInclude Include="math.h">
      <Filter>헤더 파일</Filter>
    </ClInclude>
    <ClInclude Include="Scene_mgr.h">
      <Filter>헤더 파일</Filter>
    </ClInclude>
    <ClInclude Include="ESceneID.h">
      <Filter>헤더 파일</Filter>
    </ClInclude>
    <ClInclude Include="Scene.h">
      <Filter>헤더 파일</Filter>
    </ClInclude>
    <ClInclude Include="InputManager.h">
      <Filter>헤더 파일</Filter>
    </ClInclude>
    <ClInclude Include="TupleGlobalHelper.h">
      <Filter>헤더 파일</Filter>
    </ClInclude>
  </ItemGroup>
  <ItemGroup>
    <None Include="FMOD64\fmod.cs" />
    <None Include="FMOD64\fmod.dll" />
    <None Include="FMOD64\fmod_dsp.cs" />
    <None Include="FMOD64\fmod_errors.cs" />
    <None Include="FMOD64\fmodL.dll" />
  </ItemGroup>
  <ItemGroup>
    <Library Include="FMOD64\fmod_vc.lib" />
    <Library Include="FMOD64\fmodL_vc.lib" />
  </ItemGroup>
</Project>